{
  "name": "vuepress-theme-secondary_element",
  "version": "1.0.3",
  "lockfileVersion": 1,
  "requires": true,
  "dependencies": {
    "valine": {
      "version": "1.3.10",
      "resolved": "https://registry.npmjs.org/valine/-/valine-1.3.10.tgz",
      "integrity": "sha512-Cl5vksIz5T8p8cvxBYQG1MTUKG3GRJ8fwtAb+jAnQ/Zk6/cwTN4CI36FdN2ZN/54XgdPeHhm6W0M+57sTJsxVw=="
    }
  }
}
